
Microsoft Visual Studio Solution File, Format Version 12.00
# Visual Studio Version 17
VisualStudioVersion = 17.4.33110.190
MinimumVisualStudioVersion = 10.0.40219.1
Project("{FAE04EC0-301F-11D3-BF4B-00C04F79EFBC}") = "Prime or Odd project", "Prime or Odd project.csproj", "{76FEE1CC-E392-433A-9F20-0E4C39AB8F31}"
EndProject
Global
	GlobalSection(SolutionConfigurationPlatforms) = preSolution
		Debug|Any CPU = Debug|Any CPU
		Release|Any CPU = Release|Any CPU
	EndGlobalSection
	GlobalSection(ProjectConfigurationPlatforms) = postSolution
		{76FEE1CC-E392-433A-9F20-0E4C39AB8F31}.Debug|Any CPU.ActiveCfg = Debug|Any CPU
		{76FEE1CC-E392-433A-9F20-0E4C39AB8F31}.Debug|Any CPU.Build.0 = Debug|Any CPU
		{76FEE1CC-E392-433A-9F20-0E4C39AB8F31}.Release|Any CPU.ActiveCfg = Release|Any CPU
		{76FEE1CC-E392-433A-9F20-0E4C39AB8F31}.Release|Any CPU.Build.0 = Release|Any CPU
	EndGlobalSection
	GlobalSection(SolutionProperties) = preSolution
		HideSolutionNode = FALSE
	EndGlobalSection
	GlobalSection(ExtensibilityGlobals) = postSolution
		SolutionGuid = {89C5BA03-4211-42F2-8DEA-C167FC63F6D8}
	EndGlobalSection
EndGlobal
