
Microsoft Visual Studio Solution File, Format Version 12.00
# Visual Studio Version 17
VisualStudioVersion = 17.3.32929.385
MinimumVisualStudioVersion = 10.0.40219.1
Project("{FAE04EC0-301F-11D3-BF4B-00C04F79EFBC}") = "problem 5 sec 3", "problem 5 sec 3.csproj", "{3E772348-CE77-470C-909E-635F5CD807AD}"
EndProject
Global
	GlobalSection(SolutionConfigurationPlatforms) = preSolution
		Debug|Any CPU = Debug|Any CPU
		Release|Any CPU = Release|Any CPU
	EndGlobalSection
	GlobalSection(ProjectConfigurationPlatforms) = postSolution
		{3E772348-CE77-470C-909E-635F5CD807AD}.Debug|Any CPU.ActiveCfg = Debug|Any CPU
		{3E772348-CE77-470C-909E-635F5CD807AD}.Debug|Any CPU.Build.0 = Debug|Any CPU
		{3E772348-CE77-470C-909E-635F5CD807AD}.Release|Any CPU.ActiveCfg = Release|Any CPU
		{3E772348-CE77-470C-909E-635F5CD807AD}.Release|Any CPU.Build.0 = Release|Any CPU
	EndGlobalSection
	GlobalSection(SolutionProperties) = preSolution
		HideSolutionNode = FALSE
	EndGlobalSection
	GlobalSection(ExtensibilityGlobals) = postSolution
		SolutionGuid = {8FDF84D9-A2A2-45EC-9940-41782489D2E1}
	EndGlobalSection
EndGlobal
