
Microsoft Visual Studio Solution File, Format Version 12.00
# Visual Studio Version 17
VisualStudioVersion = 17.4.33110.190
MinimumVisualStudioVersion = 10.0.40219.1
Project("{FAE04EC0-301F-11D3-BF4B-00C04F79EFBC}") = "problem 0 sec7(for loop)", "problem 0 sec7(for loop).csproj", "{C9E4D2A4-FD54-4C44-8103-81A6AEAB492E}"
EndProject
Global
	GlobalSection(SolutionConfigurationPlatforms) = preSolution
		Debug|Any CPU = Debug|Any CPU
		Release|Any CPU = Release|Any CPU
	EndGlobalSection
	GlobalSection(ProjectConfigurationPlatforms) = postSolution
		{C9E4D2A4-FD54-4C44-8103-81A6AEAB492E}.Debug|Any CPU.ActiveCfg = Debug|Any CPU
		{C9E4D2A4-FD54-4C44-8103-81A6AEAB492E}.Debug|Any CPU.Build.0 = Debug|Any CPU
		{C9E4D2A4-FD54-4C44-8103-81A6AEAB492E}.Release|Any CPU.ActiveCfg = Release|Any CPU
		{C9E4D2A4-FD54-4C44-8103-81A6AEAB492E}.Release|Any CPU.Build.0 = Release|Any CPU
	EndGlobalSection
	GlobalSection(SolutionProperties) = preSolution
		HideSolutionNode = FALSE
	EndGlobalSection
	GlobalSection(ExtensibilityGlobals) = postSolution
		SolutionGuid = {9FAC8ADB-D6A0-4406-9C60-4FC140A7A8F8}
	EndGlobalSection
EndGlobal
