
Microsoft Visual Studio Solution File, Format Version 12.00
# Visual Studio Version 17
VisualStudioVersion = 17.4.33110.190
MinimumVisualStudioVersion = 10.0.40219.1
Project("{FAE04EC0-301F-11D3-BF4B-00C04F79EFBC}") = "problem 1(while loop)", "problem 1(while loop).csproj", "{3E6D13C2-E30F-43D0-AF02-6EB178BB212F}"
EndProject
Global
	GlobalSection(SolutionConfigurationPlatforms) = preSolution
		Debug|Any CPU = Debug|Any CPU
		Release|Any CPU = Release|Any CPU
	EndGlobalSection
	GlobalSection(ProjectConfigurationPlatforms) = postSolution
		{3E6D13C2-E30F-43D0-AF02-6EB178BB212F}.Debug|Any CPU.ActiveCfg = Debug|Any CPU
		{3E6D13C2-E30F-43D0-AF02-6EB178BB212F}.Debug|Any CPU.Build.0 = Debug|Any CPU
		{3E6D13C2-E30F-43D0-AF02-6EB178BB212F}.Release|Any CPU.ActiveCfg = Release|Any CPU
		{3E6D13C2-E30F-43D0-AF02-6EB178BB212F}.Release|Any CPU.Build.0 = Release|Any CPU
	EndGlobalSection
	GlobalSection(SolutionProperties) = preSolution
		HideSolutionNode = FALSE
	EndGlobalSection
	GlobalSection(ExtensibilityGlobals) = postSolution
		SolutionGuid = {7F0A440A-2B00-42AB-93E9-EC809C7A8710}
	EndGlobalSection
EndGlobal
