
Microsoft Visual Studio Solution File, Format Version 12.00
# Visual Studio Version 17
VisualStudioVersion = 17.4.33110.190
MinimumVisualStudioVersion = 10.0.40219.1
Project("{FAE04EC0-301F-11D3-BF4B-00C04F79EFBC}") = "problem 4(do while loop)", "problem 4(do while loop).csproj", "{F662FA6F-692D-4D02-8D9A-634D60B9A6D4}"
EndProject
Global
	GlobalSection(SolutionConfigurationPlatforms) = preSolution
		Debug|Any CPU = Debug|Any CPU
		Release|Any CPU = Release|Any CPU
	EndGlobalSection
	GlobalSection(ProjectConfigurationPlatforms) = postSolution
		{F662FA6F-692D-4D02-8D9A-634D60B9A6D4}.Debug|Any CPU.ActiveCfg = Debug|Any CPU
		{F662FA6F-692D-4D02-8D9A-634D60B9A6D4}.Debug|Any CPU.Build.0 = Debug|Any CPU
		{F662FA6F-692D-4D02-8D9A-634D60B9A6D4}.Release|Any CPU.ActiveCfg = Release|Any CPU
		{F662FA6F-692D-4D02-8D9A-634D60B9A6D4}.Release|Any CPU.Build.0 = Release|Any CPU
	EndGlobalSection
	GlobalSection(SolutionProperties) = preSolution
		HideSolutionNode = FALSE
	EndGlobalSection
	GlobalSection(ExtensibilityGlobals) = postSolution
		SolutionGuid = {7133F9B8-CB37-492F-8F8F-BEA555F58C23}
	EndGlobalSection
EndGlobal
