
Microsoft Visual Studio Solution File, Format Version 12.00
# Visual Studio Version 17
VisualStudioVersion = 17.3.32929.385
MinimumVisualStudioVersion = 10.0.40219.1
Project("{FAE04EC0-301F-11D3-BF4B-00C04F79EFBC}") = "problem2", "problem2.csproj", "{CAC5A5F9-38CA-4714-B402-552B2574DBAD}"
EndProject
Global
	GlobalSection(SolutionConfigurationPlatforms) = preSolution
		Debug|Any CPU = Debug|Any CPU
		Release|Any CPU = Release|Any CPU
	EndGlobalSection
	GlobalSection(ProjectConfigurationPlatforms) = postSolution
		{CAC5A5F9-38CA-4714-B402-552B2574DBAD}.Debug|Any CPU.ActiveCfg = Debug|Any CPU
		{CAC5A5F9-38CA-4714-B402-552B2574DBAD}.Debug|Any CPU.Build.0 = Debug|Any CPU
		{CAC5A5F9-38CA-4714-B402-552B2574DBAD}.Release|Any CPU.ActiveCfg = Release|Any CPU
		{CAC5A5F9-38CA-4714-B402-552B2574DBAD}.Release|Any CPU.Build.0 = Release|Any CPU
	EndGlobalSection
	GlobalSection(SolutionProperties) = preSolution
		HideSolutionNode = FALSE
	EndGlobalSection
	GlobalSection(ExtensibilityGlobals) = postSolution
		SolutionGuid = {6AC4B8E6-775D-40F6-BB06-29565D1E5BF1}
	EndGlobalSection
EndGlobal
