
Microsoft Visual Studio Solution File, Format Version 12.00
# Visual Studio Version 17
VisualStudioVersion = 17.4.33110.190
MinimumVisualStudioVersion = 10.0.40219.1
Project("{9A19103F-16F7-4668-BE54-9A1E7A4F7556}") = "coffe problem v2", "coffe problem v2.csproj", "{FFE408A9-1E28-4C23-ACD9-46F751F43682}"
EndProject
Global
	GlobalSection(SolutionConfigurationPlatforms) = preSolution
		Debug|Any CPU = Debug|Any CPU
		Release|Any CPU = Release|Any CPU
	EndGlobalSection
	GlobalSection(ProjectConfigurationPlatforms) = postSolution
		{FFE408A9-1E28-4C23-ACD9-46F751F43682}.Debug|Any CPU.ActiveCfg = Debug|Any CPU
		{FFE408A9-1E28-4C23-ACD9-46F751F43682}.Debug|Any CPU.Build.0 = Debug|Any CPU
		{FFE408A9-1E28-4C23-ACD9-46F751F43682}.Release|Any CPU.ActiveCfg = Release|Any CPU
		{FFE408A9-1E28-4C23-ACD9-46F751F43682}.Release|Any CPU.Build.0 = Release|Any CPU
	EndGlobalSection
	GlobalSection(SolutionProperties) = preSolution
		HideSolutionNode = FALSE
	EndGlobalSection
	GlobalSection(ExtensibilityGlobals) = postSolution
		SolutionGuid = {FAA16481-605D-4CD5-A00C-C84F1242ACCB}
	EndGlobalSection
EndGlobal
