
Microsoft Visual Studio Solution File, Format Version 12.00
# Visual Studio Version 17
VisualStudioVersion = 17.3.32929.385
MinimumVisualStudioVersion = 10.0.40219.1
Project("{FAE04EC0-301F-11D3-BF4B-00C04F79EFBC}") = "Calculator(switch) problem", "Calculator(switch) problem.csproj", "{EB228960-725C-4925-8D49-72580DF1C08C}"
EndProject
Global
	GlobalSection(SolutionConfigurationPlatforms) = preSolution
		Debug|Any CPU = Debug|Any CPU
		Release|Any CPU = Release|Any CPU
	EndGlobalSection
	GlobalSection(ProjectConfigurationPlatforms) = postSolution
		{EB228960-725C-4925-8D49-72580DF1C08C}.Debug|Any CPU.ActiveCfg = Debug|Any CPU
		{EB228960-725C-4925-8D49-72580DF1C08C}.Debug|Any CPU.Build.0 = Debug|Any CPU
		{EB228960-725C-4925-8D49-72580DF1C08C}.Release|Any CPU.ActiveCfg = Release|Any CPU
		{EB228960-725C-4925-8D49-72580DF1C08C}.Release|Any CPU.Build.0 = Release|Any CPU
	EndGlobalSection
	GlobalSection(SolutionProperties) = preSolution
		HideSolutionNode = FALSE
	EndGlobalSection
	GlobalSection(ExtensibilityGlobals) = postSolution
		SolutionGuid = {27446273-CCF3-4E46-B8F4-176A0D6F5B98}
	EndGlobalSection
EndGlobal
