
Microsoft Visual Studio Solution File, Format Version 12.00
# Visual Studio Version 17
VisualStudioVersion = 17.4.33110.190
MinimumVisualStudioVersion = 10.0.40219.1
Project("{FAE04EC0-301F-11D3-BF4B-00C04F79EFBC}") = "problem 5(while loop)", "problem 5(while loop).csproj", "{C5FE0CAD-57C6-43A5-A627-967A852E8A9D}"
EndProject
Global
	GlobalSection(SolutionConfigurationPlatforms) = preSolution
		Debug|Any CPU = Debug|Any CPU
		Release|Any CPU = Release|Any CPU
	EndGlobalSection
	GlobalSection(ProjectConfigurationPlatforms) = postSolution
		{C5FE0CAD-57C6-43A5-A627-967A852E8A9D}.Debug|Any CPU.ActiveCfg = Debug|Any CPU
		{C5FE0CAD-57C6-43A5-A627-967A852E8A9D}.Debug|Any CPU.Build.0 = Debug|Any CPU
		{C5FE0CAD-57C6-43A5-A627-967A852E8A9D}.Release|Any CPU.ActiveCfg = Release|Any CPU
		{C5FE0CAD-57C6-43A5-A627-967A852E8A9D}.Release|Any CPU.Build.0 = Release|Any CPU
	EndGlobalSection
	GlobalSection(SolutionProperties) = preSolution
		HideSolutionNode = FALSE
	EndGlobalSection
	GlobalSection(ExtensibilityGlobals) = postSolution
		SolutionGuid = {617A96F4-59C2-4B0F-8B37-CAD39AE2620D}
	EndGlobalSection
EndGlobal
