
Microsoft Visual Studio Solution File, Format Version 12.00
# Visual Studio Version 17
VisualStudioVersion = 17.4.33110.190
MinimumVisualStudioVersion = 10.0.40219.1
Project("{FAE04EC0-301F-11D3-BF4B-00C04F79EFBC}") = "problem 5 (for loop)", "problem 5 (for loop).csproj", "{A3234901-668A-4093-8306-7F131D1353CB}"
EndProject
Global
	GlobalSection(SolutionConfigurationPlatforms) = preSolution
		Debug|Any CPU = Debug|Any CPU
		Release|Any CPU = Release|Any CPU
	EndGlobalSection
	GlobalSection(ProjectConfigurationPlatforms) = postSolution
		{A3234901-668A-4093-8306-7F131D1353CB}.Debug|Any CPU.ActiveCfg = Debug|Any CPU
		{A3234901-668A-4093-8306-7F131D1353CB}.Debug|Any CPU.Build.0 = Debug|Any CPU
		{A3234901-668A-4093-8306-7F131D1353CB}.Release|Any CPU.ActiveCfg = Release|Any CPU
		{A3234901-668A-4093-8306-7F131D1353CB}.Release|Any CPU.Build.0 = Release|Any CPU
	EndGlobalSection
	GlobalSection(SolutionProperties) = preSolution
		HideSolutionNode = FALSE
	EndGlobalSection
	GlobalSection(ExtensibilityGlobals) = postSolution
		SolutionGuid = {E4A718AA-8E8D-43D4-88B0-9275D6B547ED}
	EndGlobalSection
EndGlobal
