
Microsoft Visual Studio Solution File, Format Version 12.00
# Visual Studio Version 17
VisualStudioVersion = 17.3.32929.385
MinimumVisualStudioVersion = 10.0.40219.1
Project("{FAE04EC0-301F-11D3-BF4B-00C04F79EFBC}") = "balance problem(switch)", "balance problem(switch).csproj", "{DC5260EF-CBEC-4098-A1D2-82E4DFC162BC}"
EndProject
Global
	GlobalSection(SolutionConfigurationPlatforms) = preSolution
		Debug|Any CPU = Debug|Any CPU
		Release|Any CPU = Release|Any CPU
	EndGlobalSection
	GlobalSection(ProjectConfigurationPlatforms) = postSolution
		{DC5260EF-CBEC-4098-A1D2-82E4DFC162BC}.Debug|Any CPU.ActiveCfg = Debug|Any CPU
		{DC5260EF-CBEC-4098-A1D2-82E4DFC162BC}.Debug|Any CPU.Build.0 = Debug|Any CPU
		{DC5260EF-CBEC-4098-A1D2-82E4DFC162BC}.Release|Any CPU.ActiveCfg = Release|Any CPU
		{DC5260EF-CBEC-4098-A1D2-82E4DFC162BC}.Release|Any CPU.Build.0 = Release|Any CPU
	EndGlobalSection
	GlobalSection(SolutionProperties) = preSolution
		HideSolutionNode = FALSE
	EndGlobalSection
	GlobalSection(ExtensibilityGlobals) = postSolution
		SolutionGuid = {B732D121-AC92-47A0-87D5-09F692A36319}
	EndGlobalSection
EndGlobal
