
Microsoft Visual Studio Solution File, Format Version 12.00
# Visual Studio Version 17
VisualStudioVersion = 17.3.32929.385
MinimumVisualStudioVersion = 10.0.40219.1
Project("{FAE04EC0-301F-11D3-BF4B-00C04F79EFBC}") = "problem 1", "problem 1.csproj", "{BDE86393-ACB5-4B6B-911E-70B4FB9555CD}"
EndProject
Global
	GlobalSection(SolutionConfigurationPlatforms) = preSolution
		Debug|Any CPU = Debug|Any CPU
		Release|Any CPU = Release|Any CPU
	EndGlobalSection
	GlobalSection(ProjectConfigurationPlatforms) = postSolution
		{BDE86393-ACB5-4B6B-911E-70B4FB9555CD}.Debug|Any CPU.ActiveCfg = Debug|Any CPU
		{BDE86393-ACB5-4B6B-911E-70B4FB9555CD}.Debug|Any CPU.Build.0 = Debug|Any CPU
		{BDE86393-ACB5-4B6B-911E-70B4FB9555CD}.Release|Any CPU.ActiveCfg = Release|Any CPU
		{BDE86393-ACB5-4B6B-911E-70B4FB9555CD}.Release|Any CPU.Build.0 = Release|Any CPU
	EndGlobalSection
	GlobalSection(SolutionProperties) = preSolution
		HideSolutionNode = FALSE
	EndGlobalSection
	GlobalSection(ExtensibilityGlobals) = postSolution
		SolutionGuid = {42D2AB34-9218-46AD-9B03-C9E28826551D}
	EndGlobalSection
EndGlobal
